
Microsoft Visual Studio Solution File, Format Version 12.00
# Visual Studio Version 17
VisualStudioVersion = 17.9.34728.123
MinimumVisualStudioVersion = 10.0.40219.1
Project("{FAE04EC0-301F-11D3-BF4B-00C04F79EFBC}") = "changing elements in array", "changing elements in array\changing elements in array.csproj", "{3D751317-89F2-4841-A41E-5DCC8915014B}"
EndProject
Global
	GlobalSection(SolutionConfigurationPlatforms) = preSolution
		Debug|Any CPU = Debug|Any CPU
		Release|Any CPU = Release|Any CPU
	EndGlobalSection
	GlobalSection(ProjectConfigurationPlatforms) = postSolution
		{3D751317-89F2-4841-A41E-5DCC8915014B}.Debug|Any CPU.ActiveCfg = Debug|Any CPU
		{3D751317-89F2-4841-A41E-5DCC8915014B}.Debug|Any CPU.Build.0 = Debug|Any CPU
		{3D751317-89F2-4841-A41E-5DCC8915014B}.Release|Any CPU.ActiveCfg = Release|Any CPU
		{3D751317-89F2-4841-A41E-5DCC8915014B}.Release|Any CPU.Build.0 = Release|Any CPU
	EndGlobalSection
	GlobalSection(SolutionProperties) = preSolution
		HideSolutionNode = FALSE
	EndGlobalSection
	GlobalSection(ExtensibilityGlobals) = postSolution
		SolutionGuid = {85E28E9D-984F-40CD-B505-4A6B9D85D4C4}
	EndGlobalSection
EndGlobal
